
Microsoft Visual Studio Solution File, Format Version 12.00
# Visual Studio Version 17
VisualStudioVersion = 17.4.33213.308
MinimumVisualStudioVersion = 10.0.40219.1
Project("{FAE04EC0-301F-11D3-BF4B-00C04F79EFBC}") = "ConsoleApp19", "ConsoleApp19.csproj", "{CEE91BCD-B0CA-4350-B977-EA8B37D5ABBA}"
EndProject
Global
	GlobalSection(SolutionConfigurationPlatforms) = preSolution
		Debug|Any CPU = Debug|Any CPU
		Release|Any CPU = Release|Any CPU
	EndGlobalSection
	GlobalSection(ProjectConfigurationPlatforms) = postSolution
		{CEE91BCD-B0CA-4350-B977-EA8B37D5ABBA}.Debug|Any CPU.ActiveCfg = Debug|Any CPU
		{CEE91BCD-B0CA-4350-B977-EA8B37D5ABBA}.Debug|Any CPU.Build.0 = Debug|Any CPU
		{CEE91BCD-B0CA-4350-B977-EA8B37D5ABBA}.Release|Any CPU.ActiveCfg = Release|Any CPU
		{CEE91BCD-B0CA-4350-B977-EA8B37D5ABBA}.Release|Any CPU.Build.0 = Release|Any CPU
	EndGlobalSection
	GlobalSection(SolutionProperties) = preSolution
		HideSolutionNode = FALSE
	EndGlobalSection
	GlobalSection(ExtensibilityGlobals) = postSolution
		SolutionGuid = {9BD02006-ABDD-4B64-967B-67B04D717ABB}
	EndGlobalSection
EndGlobal
